{
  "name": "cohub-code-challenge",
  "requires": true,
  "lockfileVersion": 1,
  "dependencies": {
    "current-version": {
      "version": "0.1.4",
      "resolved": "https://registry.npmjs.org/current-version/-/current-version-0.1.4.tgz",
      "integrity": "sha1-P1N6SYjDOIdajmqQufSiDcL6wMs="
    }
  }
}
